
Microsoft Visual Studio Solution File, Format Version 12.00
# Visual Studio Version 17
VisualStudioVersion = 17.11.35303.130
MinimumVisualStudioVersion = 10.0.40219.1
Project("{9A19103F-16F7-4668-BE54-9A1E7A4F7556}") = "ASMedia.Server", "ASIptvServer\ASMedia.Server.csproj", "{45774935-F1C9-496E-BB41-15521DCE4C6B}"
EndProject
Project("{9A19103F-16F7-4668-BE54-9A1E7A4F7556}") = "ASMedia.Naming", "ASIptvServer.Naming\ASMedia.Naming.csproj", "{9E6D317C-7817-42DD-8DBB-1288BF65D412}"
EndProject
Project("{9A19103F-16F7-4668-BE54-9A1E7A4F7556}") = "ASMedia.M3U", "ASIptvServer.M3U\ASMedia.M3U.csproj", "{5AE30B63-43DE-434A-A31E-EA83E521B887}"
EndProject
Project("{FAE04EC0-301F-11D3-BF4B-00C04F79EFBC}") = "ASMedia.Data", "ASIptvServer.Data\ASMedia.Data.csproj", "{730F884F-29CF-4556-8AEC-111DDB19E72F}"
EndProject
Project("{FAE04EC0-301F-11D3-BF4B-00C04F79EFBC}") = "ASMedia.Shared", "ASMedia.Shared\ASMedia.Shared.csproj", "{B7C5E9E1-D2AB-42E5-B18D-28F16D9DB802}"
EndProject
Global
	GlobalSection(SolutionConfigurationPlatforms) = preSolution
		Debug|Any CPU = Debug|Any CPU
		Release|Any CPU = Release|Any CPU
	EndGlobalSection
	GlobalSection(ProjectConfigurationPlatforms) = postSolution
		{45774935-F1C9-496E-BB41-15521DCE4C6B}.Debug|Any CPU.ActiveCfg = Debug|Any CPU
		{45774935-F1C9-496E-BB41-15521DCE4C6B}.Debug|Any CPU.Build.0 = Debug|Any CPU
		{45774935-F1C9-496E-BB41-15521DCE4C6B}.Release|Any CPU.ActiveCfg = Release|Any CPU
		{45774935-F1C9-496E-BB41-15521DCE4C6B}.Release|Any CPU.Build.0 = Release|Any CPU
		{9E6D317C-7817-42DD-8DBB-1288BF65D412}.Debug|Any CPU.ActiveCfg = Debug|Any CPU
		{9E6D317C-7817-42DD-8DBB-1288BF65D412}.Debug|Any CPU.Build.0 = Debug|Any CPU
		{9E6D317C-7817-42DD-8DBB-1288BF65D412}.Release|Any CPU.ActiveCfg = Release|Any CPU
		{9E6D317C-7817-42DD-8DBB-1288BF65D412}.Release|Any CPU.Build.0 = Release|Any CPU
		{5AE30B63-43DE-434A-A31E-EA83E521B887}.Debug|Any CPU.ActiveCfg = Debug|Any CPU
		{5AE30B63-43DE-434A-A31E-EA83E521B887}.Debug|Any CPU.Build.0 = Debug|Any CPU
		{5AE30B63-43DE-434A-A31E-EA83E521B887}.Release|Any CPU.ActiveCfg = Release|Any CPU
		{5AE30B63-43DE-434A-A31E-EA83E521B887}.Release|Any CPU.Build.0 = Release|Any CPU
		{730F884F-29CF-4556-8AEC-111DDB19E72F}.Debug|Any CPU.ActiveCfg = Debug|Any CPU
		{730F884F-29CF-4556-8AEC-111DDB19E72F}.Debug|Any CPU.Build.0 = Debug|Any CPU
		{730F884F-29CF-4556-8AEC-111DDB19E72F}.Release|Any CPU.ActiveCfg = Release|Any CPU
		{730F884F-29CF-4556-8AEC-111DDB19E72F}.Release|Any CPU.Build.0 = Release|Any CPU
		{B7C5E9E1-D2AB-42E5-B18D-28F16D9DB802}.Debug|Any CPU.ActiveCfg = Debug|Any CPU
		{B7C5E9E1-D2AB-42E5-B18D-28F16D9DB802}.Debug|Any CPU.Build.0 = Debug|Any CPU
		{B7C5E9E1-D2AB-42E5-B18D-28F16D9DB802}.Release|Any CPU.ActiveCfg = Release|Any CPU
		{B7C5E9E1-D2AB-42E5-B18D-28F16D9DB802}.Release|Any CPU.Build.0 = Release|Any CPU
	EndGlobalSection
	GlobalSection(SolutionProperties) = preSolution
		HideSolutionNode = FALSE
	EndGlobalSection
	GlobalSection(ExtensibilityGlobals) = postSolution
		SolutionGuid = {FA588576-8239-4ED5-9DC4-F002999982EE}
	EndGlobalSection
EndGlobal
